
Microsoft Visual Studio Solution File, Format Version 12.00
# Visual Studio 15
VisualStudioVersion = 15.0.28010.2003
MinimumVisualStudioVersion = 10.0.40219.1
Project("{FAE04EC0-301F-11D3-BF4B-00C04F79EFBC}") = "AgeForm", "AgeForm\AgeForm.csproj", "{F148966F-CB55-4860-9BFD-2B2D1BE99942}"
EndProject
Global
	GlobalSection(SolutionConfigurationPlatforms) = preSolution
		Debug|Any CPU = Debug|Any CPU
		Release|Any CPU = Release|Any CPU
	EndGlobalSection
	GlobalSection(ProjectConfigurationPlatforms) = postSolution
		{F148966F-CB55-4860-9BFD-2B2D1BE99942}.Debug|Any CPU.ActiveCfg = Debug|Any CPU
		{F148966F-CB55-4860-9BFD-2B2D1BE99942}.Debug|Any CPU.Build.0 = Debug|Any CPU
		{F148966F-CB55-4860-9BFD-2B2D1BE99942}.Release|Any CPU.ActiveCfg = Release|Any CPU
		{F148966F-CB55-4860-9BFD-2B2D1BE99942}.Release|Any CPU.Build.0 = Release|Any CPU
	EndGlobalSection
	GlobalSection(SolutionProperties) = preSolution
		HideSolutionNode = FALSE
	EndGlobalSection
	GlobalSection(ExtensibilityGlobals) = postSolution
		SolutionGuid = {A8B0D1CE-F1E0-4DCF-B9BE-3E76FC2612E7}
	EndGlobalSection
EndGlobal
